
Microsoft Visual Studio Solution File, Format Version 12.00
# Visual Studio Version 16
VisualStudioVersion = 16.0.30907.101
MinimumVisualStudioVersion = 10.0.40219.1
Project("{FAE04EC0-301F-11D3-BF4B-00C04F79EFBC}") = "Menu Generator", "Menu Generator\Menu Generator.csproj", "{BD025160-309A-4D7C-8D2C-D5631835EFD2}"
EndProject
Global
	GlobalSection(SolutionConfigurationPlatforms) = preSolution
		Debug|Any CPU = Debug|Any CPU
		Release|Any CPU = Release|Any CPU
	EndGlobalSection
	GlobalSection(ProjectConfigurationPlatforms) = postSolution
		{BD025160-309A-4D7C-8D2C-D5631835EFD2}.Debug|Any CPU.ActiveCfg = Debug|Any CPU
		{BD025160-309A-4D7C-8D2C-D5631835EFD2}.Debug|Any CPU.Build.0 = Debug|Any CPU
		{BD025160-309A-4D7C-8D2C-D5631835EFD2}.Release|Any CPU.ActiveCfg = Release|Any CPU
		{BD025160-309A-4D7C-8D2C-D5631835EFD2}.Release|Any CPU.Build.0 = Release|Any CPU
	EndGlobalSection
	GlobalSection(SolutionProperties) = preSolution
		HideSolutionNode = FALSE
	EndGlobalSection
	GlobalSection(ExtensibilityGlobals) = postSolution
		SolutionGuid = {B772344D-545B-475F-8F73-5A05143588D5}
	EndGlobalSection
EndGlobal
